
Microsoft Visual Studio Solution File, Format Version 12.00
# Visual Studio Version 16
VisualStudioVersion = 16.0.31402.337
MinimumVisualStudioVersion = 10.0.40219.1
Project("{FAE04EC0-301F-11D3-BF4B-00C04F79EFBC}") = "CloudApp", "CloudApp\CloudApp.csproj", "{A7D74D24-52EB-43D0-B13D-3137530CCE46}"
EndProject
Project("{FAE04EC0-301F-11D3-BF4B-00C04F79EFBC}") = "ParzivalLibrary", "ParzivalLibrary\ParzivalLibrary.csproj", "{D20C2042-59BF-4507-AFD4-DDACA584327A}"
EndProject
Project("{FAE04EC0-301F-11D3-BF4B-00C04F79EFBC}") = "InvoiceApp", "InvoiceApp\InvoiceApp.csproj", "{00C62CE3-6014-4B63-8A5A-763377FCF4D1}"
EndProject
Project("{FAE04EC0-301F-11D3-BF4B-00C04F79EFBC}") = "OrderApp", "OrderApp\OrderApp.csproj", "{BFDE1276-36B0-4FB0-BCE9-7DB3953676EE}"
EndProject
Global
	GlobalSection(SolutionConfigurationPlatforms) = preSolution
		Debug|Any CPU = Debug|Any CPU
		Release|Any CPU = Release|Any CPU
	EndGlobalSection
	GlobalSection(ProjectConfigurationPlatforms) = postSolution
		{A7D74D24-52EB-43D0-B13D-3137530CCE46}.Debug|Any CPU.ActiveCfg = Debug|Any CPU
		{A7D74D24-52EB-43D0-B13D-3137530CCE46}.Debug|Any CPU.Build.0 = Debug|Any CPU
		{A7D74D24-52EB-43D0-B13D-3137530CCE46}.Release|Any CPU.ActiveCfg = Release|Any CPU
		{A7D74D24-52EB-43D0-B13D-3137530CCE46}.Release|Any CPU.Build.0 = Release|Any CPU
		{D20C2042-59BF-4507-AFD4-DDACA584327A}.Debug|Any CPU.ActiveCfg = Debug|Any CPU
		{D20C2042-59BF-4507-AFD4-DDACA584327A}.Debug|Any CPU.Build.0 = Debug|Any CPU
		{D20C2042-59BF-4507-AFD4-DDACA584327A}.Release|Any CPU.ActiveCfg = Release|Any CPU
		{D20C2042-59BF-4507-AFD4-DDACA584327A}.Release|Any CPU.Build.0 = Release|Any CPU
		{00C62CE3-6014-4B63-8A5A-763377FCF4D1}.Debug|Any CPU.ActiveCfg = Debug|Any CPU
		{00C62CE3-6014-4B63-8A5A-763377FCF4D1}.Debug|Any CPU.Build.0 = Debug|Any CPU
		{00C62CE3-6014-4B63-8A5A-763377FCF4D1}.Release|Any CPU.ActiveCfg = Release|Any CPU
		{00C62CE3-6014-4B63-8A5A-763377FCF4D1}.Release|Any CPU.Build.0 = Release|Any CPU
		{BFDE1276-36B0-4FB0-BCE9-7DB3953676EE}.Debug|Any CPU.ActiveCfg = Debug|Any CPU
		{BFDE1276-36B0-4FB0-BCE9-7DB3953676EE}.Debug|Any CPU.Build.0 = Debug|Any CPU
		{BFDE1276-36B0-4FB0-BCE9-7DB3953676EE}.Release|Any CPU.ActiveCfg = Release|Any CPU
		{BFDE1276-36B0-4FB0-BCE9-7DB3953676EE}.Release|Any CPU.Build.0 = Release|Any CPU
	EndGlobalSection
	GlobalSection(SolutionProperties) = preSolution
		HideSolutionNode = FALSE
	EndGlobalSection
	GlobalSection(ExtensibilityGlobals) = postSolution
		SolutionGuid = {66EBED4E-EB0E-4113-B9E5-E13E4BD0CFB4}
	EndGlobalSection
EndGlobal
